
Microsoft Visual Studio Solution File, Format Version 12.00
# Visual Studio Version 17
VisualStudioVersion = 17.9.34622.214
MinimumVisualStudioVersion = 10.0.40219.1
Project("{FAE04EC0-301F-11D3-BF4B-00C04F79EFBC}") = "PRELIM_E3_Assignment_AnzorandiaAaronZach_BSIT32E2", "PRELIM_E3_Assignment_AnzorandiaAaronZach_BSIT32E2.csproj", "{2BB92BC2-8F6E-428F-B180-84BBF1B7E562}"
EndProject
Global
	GlobalSection(SolutionConfigurationPlatforms) = preSolution
		Debug|Any CPU = Debug|Any CPU
		Release|Any CPU = Release|Any CPU
	EndGlobalSection
	GlobalSection(ProjectConfigurationPlatforms) = postSolution
		{2BB92BC2-8F6E-428F-B180-84BBF1B7E562}.Debug|Any CPU.ActiveCfg = Debug|Any CPU
		{2BB92BC2-8F6E-428F-B180-84BBF1B7E562}.Debug|Any CPU.Build.0 = Debug|Any CPU
		{2BB92BC2-8F6E-428F-B180-84BBF1B7E562}.Release|Any CPU.ActiveCfg = Release|Any CPU
		{2BB92BC2-8F6E-428F-B180-84BBF1B7E562}.Release|Any CPU.Build.0 = Release|Any CPU
	EndGlobalSection
	GlobalSection(SolutionProperties) = preSolution
		HideSolutionNode = FALSE
	EndGlobalSection
	GlobalSection(ExtensibilityGlobals) = postSolution
		SolutionGuid = {A3D3C25F-D939-46D6-8249-03828CC9ACDC}
	EndGlobalSection
EndGlobal
